// !$*UTF8*$!
{
	archiveVersion = 1;
	classes = {
	};
	objectVersion = 45;
	objects = {

/* Begin PBXBuildFile section */
		8DC2EF530486A6940098B216 /* InfoPlist.strings in Resources */ = {isa = PBXBuildFile; fileRef = 089C1666FE841158C02AAC07 /* InfoPlist.strings */; };
		9E20195A0EF3D748009571F1 /* PackageManager.h in Headers */ = {isa = PBXBuildFile; fileRef = 9E2019590EF3D748009571F1 /* PackageManager.h */; settings = {ATTRIBUTES = (Public, ); }; };
		9E2019700EF4E71D009571F1 /* PMRepository.h in Headers */ = {isa = PBXBuildFile; fileRef = 9E20196E0EF4E71D009571F1 /* PMRepository.h */; settings = {ATTRIBUTES = (Private, ); }; };
		9E2019710EF4E71D009571F1 /* PMRepository.m in Sources */ = {isa = PBXBuildFile; fileRef = 9E20196F0EF4E71D009571F1 /* PMRepository.m */; };
		9E201A040EF50DEE009571F1 /* Foundation.framework in Frameworks */ = {isa = PBXBuildFile; fileRef = 0867D69BFE84028FC02AAC07 /* Foundation.framework */; };
		9E201B8E0EF62901009571F1 /* PMTransaction.h in Headers */ = {isa = PBXBuildFile; fileRef = 9E201B8C0EF62901009571F1 /* PMTransaction.h */; settings = {ATTRIBUTES = (Private, ); }; };
		9E201B8F0EF62901009571F1 /* PMTransaction.m in Sources */ = {isa = PBXBuildFile; fileRef = 9E201B8D0EF62901009571F1 /* PMTransaction.m */; };
		9E201BDD0EF69C5C009571F1 /* PMLocalDatabase.h in Headers */ = {isa = PBXBuildFile; fileRef = 9E201BDB0EF69C5B009571F1 /* PMLocalDatabase.h */; settings = {ATTRIBUTES = (Private, ); }; };
		9E201BDE0EF69C5C009571F1 /* PMLocalDatabase.m in Sources */ = {isa = PBXBuildFile; fileRef = 9E201BDC0EF69C5C009571F1 /* PMLocalDatabase.m */; };
		9E44BB060EF812D200D82117 /* PMPackageManager.h in Headers */ = {isa = PBXBuildFile; fileRef = 9E44BB040EF812D200D82117 /* PMPackageManager.h */; settings = {ATTRIBUTES = (Private, ); }; };
		9E44BB070EF812D200D82117 /* PMPackageManager.m in Sources */ = {isa = PBXBuildFile; fileRef = 9E44BB050EF812D200D82117 /* PMPackageManager.m */; };
		9E4BDE920EF15366000021DF /* PMDatabase.h in Headers */ = {isa = PBXBuildFile; fileRef = 9E4BDE900EF15366000021DF /* PMDatabase.h */; settings = {ATTRIBUTES = (Private, ); }; };
		9E4BDE930EF15366000021DF /* PMDatabase.m in Sources */ = {isa = PBXBuildFile; fileRef = 9E4BDE910EF15366000021DF /* PMDatabase.m */; };
		9E4BDE980EF153AE000021DF /* PMPackage.h in Headers */ = {isa = PBXBuildFile; fileRef = 9E4BDE960EF153AE000021DF /* PMPackage.h */; settings = {ATTRIBUTES = (Private, ); }; };
		9E4BDE990EF153AE000021DF /* PMPackage.m in Sources */ = {isa = PBXBuildFile; fileRef = 9E4BDE970EF153AE000021DF /* PMPackage.m */; };
/* End PBXBuildFile section */

/* Begin PBXFileReference section */
		0867D69BFE84028FC02AAC07 /* Foundation.framework */ = {isa = PBXFileReference; lastKnownFileType = wrapper.framework; name = Foundation.framework; path = /System/Library/Frameworks/Foundation.framework; sourceTree = "<absolute>"; };
		089C1667FE841158C02AAC07 /* English */ = {isa = PBXFileReference; fileEncoding = 10; lastKnownFileType = text.plist.strings; name = English; path = English.lproj/InfoPlist.strings; sourceTree = "<group>"; };
		32DBCF5E0370ADEE00C91783 /* PackageManager_Prefix.pch */ = {isa = PBXFileReference; fileEncoding = 4; lastKnownFileType = sourcecode.c.h; path = PackageManager_Prefix.pch; sourceTree = "<group>"; };
		8DC2EF5A0486A6940098B216 /* Info.plist */ = {isa = PBXFileReference; fileEncoding = 4; lastKnownFileType = text.plist.xml; path = Info.plist; sourceTree = "<group>"; };
		8DC2EF5B0486A6940098B216 /* PackageManager.framework */ = {isa = PBXFileReference; explicitFileType = wrapper.framework; includeInIndex = 0; path = PackageManager.framework; sourceTree = BUILT_PRODUCTS_DIR; };
		9E2019590EF3D748009571F1 /* PackageManager.h */ = {isa = PBXFileReference; fileEncoding = 4; lastKnownFileType = sourcecode.c.h; path = PackageManager.h; sourceTree = "<group>"; };
		9E20196E0EF4E71D009571F1 /* PMRepository.h */ = {isa = PBXFileReference; fileEncoding = 4; lastKnownFileType = sourcecode.c.h; path = PMRepository.h; sourceTree = "<group>"; };
		9E20196F0EF4E71D009571F1 /* PMRepository.m */ = {isa = PBXFileReference; fileEncoding = 4; lastKnownFileType = sourcecode.c.objc; path = PMRepository.m; sourceTree = "<group>"; };
		9E201B8C0EF62901009571F1 /* PMTransaction.h */ = {isa = PBXFileReference; fileEncoding = 4; lastKnownFileType = sourcecode.c.h; path = PMTransaction.h; sourceTree = "<group>"; };
		9E201B8D0EF62901009571F1 /* PMTransaction.m */ = {isa = PBXFileReference; fileEncoding = 4; lastKnownFileType = sourcecode.c.objc; path = PMTransaction.m; sourceTree = "<group>"; };
		9E201BDB0EF69C5B009571F1 /* PMLocalDatabase.h */ = {isa = PBXFileReference; fileEncoding = 4; lastKnownFileType = sourcecode.c.h; path = PMLocalDatabase.h; sourceTree = "<group>"; };
		9E201BDC0EF69C5C009571F1 /* PMLocalDatabase.m */ = {isa = PBXFileReference; fileEncoding = 4; lastKnownFileType = sourcecode.c.objc; path = PMLocalDatabase.m; sourceTree = "<group>"; };
		9E44BB040EF812D200D82117 /* PMPackageManager.h */ = {isa = PBXFileReference; fileEncoding = 4; lastKnownFileType = sourcecode.c.h; path = PMPackageManager.h; sourceTree = "<group>"; };
		9E44BB050EF812D200D82117 /* PMPackageManager.m */ = {isa = PBXFileReference; fileEncoding = 4; lastKnownFileType = sourcecode.c.objc; path = PMPackageManager.m; sourceTree = "<group>"; };
		9E4BDE900EF15366000021DF /* PMDatabase.h */ = {isa = PBXFileReference; fileEncoding = 4; lastKnownFileType = sourcecode.c.h; path = PMDatabase.h; sourceTree = "<group>"; };
		9E4BDE910EF15366000021DF /* PMDatabase.m */ = {isa = PBXFileReference; fileEncoding = 4; lastKnownFileType = sourcecode.c.objc; path = PMDatabase.m; sourceTree = "<group>"; };
		9E4BDE960EF153AE000021DF /* PMPackage.h */ = {isa = PBXFileReference; fileEncoding = 4; lastKnownFileType = sourcecode.c.h; path = PMPackage.h; sourceTree = "<group>"; };
		9E4BDE970EF153AE000021DF /* PMPackage.m */ = {isa = PBXFileReference; fileEncoding = 4; lastKnownFileType = sourcecode.c.objc; path = PMPackage.m; sourceTree = "<group>"; };
/* End PBXFileReference section */

/* Begin PBXFrameworksBuildPhase section */
		8DC2EF560486A6940098B216 /* Frameworks */ = {
			isa = PBXFrameworksBuildPhase;
			buildActionMask = 2147483647;
			files = (
				9E201A040EF50DEE009571F1 /* Foundation.framework in Frameworks */,
			);
			runOnlyForDeploymentPostprocessing = 0;
		};
/* End PBXFrameworksBuildPhase section */

/* Begin PBXGroup section */
		034768DFFF38A50411DB9C8B /* Products */ = {
			isa = PBXGroup;
			children = (
				8DC2EF5B0486A6940098B216 /* PackageManager.framework */,
			);
			name = Products;
			sourceTree = "<group>";
		};
		0867D691FE84028FC02AAC07 /* PackageManager */ = {
			isa = PBXGroup;
			children = (
				08FB77AEFE84172EC02AAC07 /* Classes */,
				32C88DFF0371C24200C91783 /* Other Sources */,
				089C1665FE841158C02AAC07 /* Resources */,
				0867D69AFE84028FC02AAC07 /* External Frameworks and Libraries */,
				034768DFFF38A50411DB9C8B /* Products */,
			);
			name = PackageManager;
			sourceTree = "<group>";
		};
		0867D69AFE84028FC02AAC07 /* External Frameworks and Libraries */ = {
			isa = PBXGroup;
			children = (
				1058C7B0FEA5585E11CA2CBB /* Linked Frameworks */,
				1058C7B2FEA5585E11CA2CBB /* Other Frameworks */,
			);
			name = "External Frameworks and Libraries";
			sourceTree = "<group>";
		};
		089C1665FE841158C02AAC07 /* Resources */ = {
			isa = PBXGroup;
			children = (
				8DC2EF5A0486A6940098B216 /* Info.plist */,
				089C1666FE841158C02AAC07 /* InfoPlist.strings */,
			);
			path = Resources;
			sourceTree = "<group>";
		};
		08FB77AEFE84172EC02AAC07 /* Classes */ = {
			isa = PBXGroup;
			children = (
				9E4BDE900EF15366000021DF /* PMDatabase.h */,
				9E4BDE910EF15366000021DF /* PMDatabase.m */,
				9E4BDE960EF153AE000021DF /* PMPackage.h */,
				9E4BDE970EF153AE000021DF /* PMPackage.m */,
				9E20196E0EF4E71D009571F1 /* PMRepository.h */,
				9E20196F0EF4E71D009571F1 /* PMRepository.m */,
				9E201BDB0EF69C5B009571F1 /* PMLocalDatabase.h */,
				9E201BDC0EF69C5C009571F1 /* PMLocalDatabase.m */,
				9E201B8C0EF62901009571F1 /* PMTransaction.h */,
				9E201B8D0EF62901009571F1 /* PMTransaction.m */,
				9E44BB040EF812D200D82117 /* PMPackageManager.h */,
				9E44BB050EF812D200D82117 /* PMPackageManager.m */,
			);
			name = Classes;
			sourceTree = "<group>";
		};
		1058C7B0FEA5585E11CA2CBB /* Linked Frameworks */ = {
			isa = PBXGroup;
			children = (
				0867D69BFE84028FC02AAC07 /* Foundation.framework */,
			);
			name = "Linked Frameworks";
			sourceTree = "<group>";
		};
		1058C7B2FEA5585E11CA2CBB /* Other Frameworks */ = {
			isa = PBXGroup;
			children = (
			);
			name = "Other Frameworks";
			sourceTree = "<group>";
		};
		32C88DFF0371C24200C91783 /* Other Sources */ = {
			isa = PBXGroup;
			children = (
				32DBCF5E0370ADEE00C91783 /* PackageManager_Prefix.pch */,
				9E2019590EF3D748009571F1 /* PackageManager.h */,
			);
			name = "Other Sources";
			sourceTree = "<group>";
		};
/* End PBXGroup section */

/* Begin PBXHeadersBuildPhase section */
		8DC2EF500486A6940098B216 /* Headers */ = {
			isa = PBXHeadersBuildPhase;
			buildActionMask = 2147483647;
			files = (
				9E4BDE920EF15366000021DF /* PMDatabase.h in Headers */,
				9E4BDE980EF153AE000021DF /* PMPackage.h in Headers */,
				9E20195A0EF3D748009571F1 /* PackageManager.h in Headers */,
				9E2019700EF4E71D009571F1 /* PMRepository.h in Headers */,
				9E201BDD0EF69C5C009571F1 /* PMLocalDatabase.h in Headers */,
				9E201B8E0EF62901009571F1 /* PMTransaction.h in Headers */,
				9E44BB060EF812D200D82117 /* PMPackageManager.h in Headers */,
			);
			runOnlyForDeploymentPostprocessing = 0;
		};
/* End PBXHeadersBuildPhase section */

/* Begin PBXNativeTarget section */
		8DC2EF4F0486A6940098B216 /* PackageManager */ = {
			isa = PBXNativeTarget;
			buildConfigurationList = 1DEB91AD08733DA50010E9CD /* Build configuration list for PBXNativeTarget "PackageManager" */;
			buildPhases = (
				8DC2EF500486A6940098B216 /* Headers */,
				8DC2EF520486A6940098B216 /* Resources */,
				8DC2EF540486A6940098B216 /* Sources */,
				8DC2EF560486A6940098B216 /* Frameworks */,
			);
			buildRules = (
			);
			dependencies = (
			);
			name = PackageManager;
			productInstallPath = "$(HOME)/Library/Frameworks";
			productName = PackageManager;
			productReference = 8DC2EF5B0486A6940098B216 /* PackageManager.framework */;
			productType = "com.apple.product-type.framework";
		};
/* End PBXNativeTarget section */

/* Begin PBXProject section */
		0867D690FE84028FC02AAC07 /* Project object */ = {
			isa = PBXProject;
			buildConfigurationList = 1DEB91B108733DA50010E9CD /* Build configuration list for PBXProject "PackageManager" */;
			compatibilityVersion = "Xcode 3.1";
			hasScannedForEncodings = 1;
			mainGroup = 0867D691FE84028FC02AAC07 /* PackageManager */;
			productRefGroup = 034768DFFF38A50411DB9C8B /* Products */;
			projectDirPath = "";
			projectRoot = "";
			targets = (
				8DC2EF4F0486A6940098B216 /* PackageManager */,
			);
		};
/* End PBXProject section */

/* Begin PBXResourcesBuildPhase section */
		8DC2EF520486A6940098B216 /* Resources */ = {
			isa = PBXResourcesBuildPhase;
			buildActionMask = 2147483647;
			files = (
				8DC2EF530486A6940098B216 /* InfoPlist.strings in Resources */,
			);
			runOnlyForDeploymentPostprocessing = 0;
		};
/* End PBXResourcesBuildPhase section */

/* Begin PBXSourcesBuildPhase section */
		8DC2EF540486A6940098B216 /* Sources */ = {
			isa = PBXSourcesBuildPhase;
			buildActionMask = 2147483647;
			files = (
				9E4BDE930EF15366000021DF /* PMDatabase.m in Sources */,
				9E4BDE990EF153AE000021DF /* PMPackage.m in Sources */,
				9E2019710EF4E71D009571F1 /* PMRepository.m in Sources */,
				9E201BDE0EF69C5C009571F1 /* PMLocalDatabase.m in Sources */,
				9E201B8F0EF62901009571F1 /* PMTransaction.m in Sources */,
				9E44BB070EF812D200D82117 /* PMPackageManager.m in Sources */,
			);
			runOnlyForDeploymentPostprocessing = 0;
		};
/* End PBXSourcesBuildPhase section */

/* Begin PBXVariantGroup section */
		089C1666FE841158C02AAC07 /* InfoPlist.strings */ = {
			isa = PBXVariantGroup;
			children = (
				089C1667FE841158C02AAC07 /* English */,
			);
			name = InfoPlist.strings;
			sourceTree = "<group>";
		};
/* End PBXVariantGroup section */

/* Begin XCBuildConfiguration section */
		1DEB91AE08733DA50010E9CD /* Debug */ = {
			isa = XCBuildConfiguration;
			buildSettings = {
				ALWAYS_SEARCH_USER_PATHS = NO;
				COPY_PHASE_STRIP = NO;
				DYLIB_COMPATIBILITY_VERSION = 1;
				DYLIB_CURRENT_VERSION = 1;
				FRAMEWORK_VERSION = A;
				GCC_DYNAMIC_NO_PIC = NO;
				GCC_ENABLE_FIX_AND_CONTINUE = YES;
				GCC_MODEL_TUNING = G5;
				GCC_OPTIMIZATION_LEVEL = 0;
				GCC_PRECOMPILE_PREFIX_HEADER = YES;
				GCC_PREFIX_HEADER = PackageManager_Prefix.pch;
				HEADER_SEARCH_PATHS = /usr/local/include;
				INFOPLIST_FILE = Resources/Info.plist;
				INSTALL_PATH = "@rpath";
				LIBRARY_SEARCH_PATHS = /usr/local/lib;
				OTHER_LDFLAGS = "-lalpm";
				PRODUCT_NAME = PackageManager;
				SKIP_INSTALL = YES;
				WRAPPER_EXTENSION = framework;
			};
			name = Debug;
		};
		1DEB91AF08733DA50010E9CD /* Release */ = {
			isa = XCBuildConfiguration;
			buildSettings = {
				ALWAYS_SEARCH_USER_PATHS = NO;
				DEBUG_INFORMATION_FORMAT = "dwarf-with-dsym";
				DYLIB_COMPATIBILITY_VERSION = 1;
				DYLIB_CURRENT_VERSION = 1;
				FRAMEWORK_VERSION = A;
				GCC_MODEL_TUNING = G5;
				GCC_PRECOMPILE_PREFIX_HEADER = YES;
				GCC_PREFIX_HEADER = PackageManager_Prefix.pch;
				HEADER_SEARCH_PATHS = /usr/local/include;
				INFOPLIST_FILE = Resources/Info.plist;
				INSTALL_PATH = "@rpath";
				LIBRARY_SEARCH_PATHS = /usr/local/lib;
				OTHER_LDFLAGS = "-lalpm";
				PRODUCT_NAME = PackageManager;
				SKIP_INSTALL = YES;
				WRAPPER_EXTENSION = framework;
			};
			name = Release;
		};
		1DEB91B208733DA50010E9CD /* Debug */ = {
			isa = XCBuildConfiguration;
			buildSettings = {
				ARCHS = "$(ARCHS_STANDARD_32_BIT)";
				GCC_C_LANGUAGE_STANDARD = c99;
				GCC_OPTIMIZATION_LEVEL = 0;
				GCC_WARN_ABOUT_RETURN_TYPE = YES;
				GCC_WARN_UNUSED_VARIABLE = YES;
				ONLY_ACTIVE_ARCH = YES;
				PREBINDING = NO;
				SDKROOT = macosx10.5;
			};
			name = Debug;
		};
		1DEB91B308733DA50010E9CD /* Release */ = {
			isa = XCBuildConfiguration;
			buildSettings = {
				ARCHS = "$(ARCHS_STANDARD_32_BIT)";
				GCC_C_LANGUAGE_STANDARD = c99;
				GCC_WARN_ABOUT_RETURN_TYPE = YES;
				GCC_WARN_UNUSED_VARIABLE = YES;
				PREBINDING = NO;
				SDKROOT = macosx10.5;
			};
			name = Release;
		};
/* End XCBuildConfiguration section */

/* Begin XCConfigurationList section */
		1DEB91AD08733DA50010E9CD /* Build configuration list for PBXNativeTarget "PackageManager" */ = {
			isa = XCConfigurationList;
			buildConfigurations = (
				1DEB91AE08733DA50010E9CD /* Debug */,
				1DEB91AF08733DA50010E9CD /* Release */,
			);
			defaultConfigurationIsVisible = 0;
			defaultConfigurationName = Release;
		};
		1DEB91B108733DA50010E9CD /* Build configuration list for PBXProject "PackageManager" */ = {
			isa = XCConfigurationList;
			buildConfigurations = (
				1DEB91B208733DA50010E9CD /* Debug */,
				1DEB91B308733DA50010E9CD /* Release */,
			);
			defaultConfigurationIsVisible = 0;
			defaultConfigurationName = Release;
		};
/* End XCConfigurationList section */
	};
	rootObject = 0867D690FE84028FC02AAC07 /* Project object */;
}
